
Microsoft Visual Studio Solution File, Format Version 12.00
# Visual Studio Version 16
VisualStudioVersion = 16.0.31129.286
MinimumVisualStudioVersion = 10.0.40219.1
Project("{9A19103F-16F7-4668-BE54-9A1E7A4F7556}") = "SharpFunction", "SharpFunction\SharpFunction.csproj", "{93DBCB71-F964-4CAB-9A66-4203100FEA21}"
EndProject
Project("{9A19103F-16F7-4668-BE54-9A1E7A4F7556}") = "SFExample", "SFExample\SFExample.csproj", "{032ED336-1975-40AD-B048-99F34CCC7DAE}"
EndProject
Global
	GlobalSection(SolutionConfigurationPlatforms) = preSolution
		Debug|Any CPU = Debug|Any CPU
		Release|Any CPU = Release|Any CPU
	EndGlobalSection
	GlobalSection(ProjectConfigurationPlatforms) = postSolution
		{93DBCB71-F964-4CAB-9A66-4203100FEA21}.Debug|Any CPU.ActiveCfg = Debug|Any CPU
		{93DBCB71-F964-4CAB-9A66-4203100FEA21}.Debug|Any CPU.Build.0 = Debug|Any CPU
		{93DBCB71-F964-4CAB-9A66-4203100FEA21}.Release|Any CPU.ActiveCfg = Release|Any CPU
		{93DBCB71-F964-4CAB-9A66-4203100FEA21}.Release|Any CPU.Build.0 = Release|Any CPU
		{032ED336-1975-40AD-B048-99F34CCC7DAE}.Debug|Any CPU.ActiveCfg = Debug|Any CPU
		{032ED336-1975-40AD-B048-99F34CCC7DAE}.Debug|Any CPU.Build.0 = Debug|Any CPU
		{032ED336-1975-40AD-B048-99F34CCC7DAE}.Release|Any CPU.ActiveCfg = Release|Any CPU
		{032ED336-1975-40AD-B048-99F34CCC7DAE}.Release|Any CPU.Build.0 = Release|Any CPU
	EndGlobalSection
	GlobalSection(SolutionProperties) = preSolution
		HideSolutionNode = FALSE
	EndGlobalSection
	GlobalSection(ExtensibilityGlobals) = postSolution
		SolutionGuid = {0947A755-6AEC-4AA1-BE4B-2A65D5C18BA3}
	EndGlobalSection
EndGlobal
